{
  "requires": true,
  "lockfileVersion": 1,
  "dependencies": {
    "cool-images": {
      "version": "1.0.3",
      "resolved": "https://registry.npmjs.org/cool-images/-/cool-images-1.0.3.tgz",
      "integrity": "sha512-wjHvTcX/boIoGOrO4b12G3zie0v9TBm/Ljg2WmLPbnmOGhYjLkKd2FQaVkzzAhl6KqJkOHspfIcgoE7uk5djhQ=="
    },
    "file-match": {
      "version": "1.0.2",
      "resolved": "https://registry.npmjs.org/file-match/-/file-match-1.0.2.tgz",
      "integrity": "sha1-ycrSZdLIrfOoFHWw30dYWQafrvc=",
      "requires": {
        "utils-extend": "^1.0.6"
      }
    },
    "file-system": {
      "version": "2.2.2",
      "resolved": "https://registry.npmjs.org/file-system/-/file-system-2.2.2.tgz",
      "integrity": "sha1-fWWDPjojR9zZVqgTxncVPtPt2Yc=",
      "requires": {
        "file-match": "^1.0.1",
        "utils-extend": "^1.0.4"
      }
    },
    "moment": {
      "version": "2.25.3",
      "resolved": "https://registry.npmjs.org/moment/-/moment-2.25.3.tgz",
      "integrity": "sha512-PuYv0PHxZvzc15Sp8ybUCoQ+xpyPWvjOuK72a5ovzp2LI32rJXOiIfyoFoYvG3s6EwwrdkMyWuRiEHSZRLJNdg=="
    },
    "utils-extend": {
      "version": "1.0.8",
      "resolved": "https://registry.npmjs.org/utils-extend/-/utils-extend-1.0.8.tgz",
      "integrity": "sha1-zP17ZFQPjpDuIe7Fd2nQZRyril8="
    }
  }
}
